// !$*UTF8*$!
{
	archiveVersion = 1;
	classes = {
	};
	objectVersion = 51;
	objects = {

/* Begin PBXBuildFile section */
		0C5CCA83FC39A6706A6B50C0 /* Pods_flix.framework in Frameworks */ = {isa = PBXBuildFile; fileRef = AE78B05415120E9F8D66EC44 /* Pods_flix.framework */; };
		0ED4D7D40B3389CB488EFB73 /* Pods_flixUITests.framework in Frameworks */ = {isa = PBXBuildFile; fileRef = 6A87C4BB4212F31D6A9A02F9 /* Pods_flixUITests.framework */; };
		710C5AEA2366584D0020B605 /* MovieGridViewController.swift in Sources */ = {isa = PBXBuildFile; fileRef = 710C5AE92366584D0020B605 /* MovieGridViewController.swift */; };
		710C5AEC2366645B0020B605 /* MovieGridCell.swift in Sources */ = {isa = PBXBuildFile; fileRef = 710C5AEB2366645B0020B605 /* MovieGridCell.swift */; };
		7110D9F6235959CB004ABA27 /* MovieCell.swift in Sources */ = {isa = PBXBuildFile; fileRef = 7110D9F5235959CB004ABA27 /* MovieCell.swift */; };
		714D988F236147F700C283DD /* MovieDetailsViewController.swift in Sources */ = {isa = PBXBuildFile; fileRef = 714D988E236147F700C283DD /* MovieDetailsViewController.swift */; };
		7194F1632352A01700587162 /* AppDelegate.swift in Sources */ = {isa = PBXBuildFile; fileRef = 7194F1622352A01700587162 /* AppDelegate.swift */; };
		7194F1652352A01700587162 /* SceneDelegate.swift in Sources */ = {isa = PBXBuildFile; fileRef = 7194F1642352A01700587162 /* SceneDelegate.swift */; };
		7194F16A2352A01700587162 /* Main.storyboard in Resources */ = {isa = PBXBuildFile; fileRef = 7194F1682352A01700587162 /* Main.storyboard */; };
		7194F16C2352A01B00587162 /* Assets.xcassets in Resources */ = {isa = PBXBuildFile; fileRef = 7194F16B2352A01B00587162 /* Assets.xcassets */; };
		7194F16F2352A01B00587162 /* LaunchScreen.storyboard in Resources */ = {isa = PBXBuildFile; fileRef = 7194F16D2352A01B00587162 /* LaunchScreen.storyboard */; };
		7194F17A2352A01C00587162 /* flixTests.swift in Sources */ = {isa = PBXBuildFile; fileRef = 7194F1792352A01C00587162 /* flixTests.swift */; };
		7194F1852352A01C00587162 /* flixUITests.swift in Sources */ = {isa = PBXBuildFile; fileRef = 7194F1842352A01C00587162 /* flixUITests.swift */; };
		7194F1932357DE7D00587162 /* MoviesViewController.swift in Sources */ = {isa = PBXBuildFile; fileRef = 7194F1922357DE7D00587162 /* MoviesViewController.swift */; };
		9FC354032739848FC000ED14 /* Pods_flixTests.framework in Frameworks */ = {isa = PBXBuildFile; fileRef = E987DA7C7F58D76D204DE6A1 /* Pods_flixTests.framework */; };
/* End PBXBuildFile section */

/* Begin PBXContainerItemProxy section */
		7194F1762352A01C00587162 /* PBXContainerItemProxy */ = {
			isa = PBXContainerItemProxy;
			containerPortal = 7194F1572352A01700587162 /* Project object */;
			proxyType = 1;
			remoteGlobalIDString = 7194F15E2352A01700587162;
			remoteInfo = flix;
		};
		7194F1812352A01C00587162 /* PBXContainerItemProxy */ = {
			isa = PBXContainerItemProxy;
			containerPortal = 7194F1572352A01700587162 /* Project object */;
			proxyType = 1;
			remoteGlobalIDString = 7194F15E2352A01700587162;
			remoteInfo = flix;
		};
/* End PBXContainerItemProxy section */

/* Begin PBXFileReference section */
		047EE9E238EE29D9F51A0D96 /* Pods-flixTests.debug.xcconfig */ = {isa = PBXFileReference; includeInIndex = 1; lastKnownFileType = text.xcconfig; name = "Pods-flixTests.debug.xcconfig"; path = "Pods/Target Support Files/Pods-flixTests/Pods-flixTests.debug.xcconfig"; sourceTree = "<group>"; };
		08FB7E72F7E0C501926CDAC3 /* Pods-flixUITests.debug.xcconfig */ = {isa = PBXFileReference; includeInIndex = 1; lastKnownFileType = text.xcconfig; name = "Pods-flixUITests.debug.xcconfig"; path = "Pods/Target Support Files/Pods-flixUITests/Pods-flixUITests.debug.xcconfig"; sourceTree = "<group>"; };
		23CDEBA5B3BA82465EC5877A /* Pods-flixUITests.release.xcconfig */ = {isa = PBXFileReference; includeInIndex = 1; lastKnownFileType = text.xcconfig; name = "Pods-flixUITests.release.xcconfig"; path = "Pods/Target Support Files/Pods-flixUITests/Pods-flixUITests.release.xcconfig"; sourceTree = "<group>"; };
		2928A1AC03E1EE475EDA69EB /* Pods-flix.release.xcconfig */ = {isa = PBXFileReference; includeInIndex = 1; lastKnownFileType = text.xcconfig; name = "Pods-flix.release.xcconfig"; path = "Pods/Target Support Files/Pods-flix/Pods-flix.release.xcconfig"; sourceTree = "<group>"; };
		6A87C4BB4212F31D6A9A02F9 /* Pods_flixUITests.framework */ = {isa = PBXFileReference; explicitFileType = wrapper.framework; includeInIndex = 0; path = Pods_flixUITests.framework; sourceTree = BUILT_PRODUCTS_DIR; };
		6FFF1E97121150268426F277 /* Pods-flix.debug.xcconfig */ = {isa = PBXFileReference; includeInIndex = 1; lastKnownFileType = text.xcconfig; name = "Pods-flix.debug.xcconfig"; path = "Pods/Target Support Files/Pods-flix/Pods-flix.debug.xcconfig"; sourceTree = "<group>"; };
		710C5AE92366584D0020B605 /* MovieGridViewController.swift */ = {isa = PBXFileReference; lastKnownFileType = sourcecode.swift; path = MovieGridViewController.swift; sourceTree = "<group>"; };
		710C5AEB2366645B0020B605 /* MovieGridCell.swift */ = {isa = PBXFileReference; lastKnownFileType = sourcecode.swift; path = MovieGridCell.swift; sourceTree = "<group>"; };
		7110D9F5235959CB004ABA27 /* MovieCell.swift */ = {isa = PBXFileReference; lastKnownFileType = sourcecode.swift; path = MovieCell.swift; sourceTree = "<group>"; };
		714D988E236147F700C283DD /* MovieDetailsViewController.swift */ = {isa = PBXFileReference; lastKnownFileType = sourcecode.swift; path = MovieDetailsViewController.swift; sourceTree = "<group>"; };
		7194F15F2352A01700587162 /* flix.app */ = {isa = PBXFileReference; explicitFileType = wrapper.application; includeInIndex = 0; path = flix.app; sourceTree = BUILT_PRODUCTS_DIR; };
		7194F1622352A01700587162 /* AppDelegate.swift */ = {isa = PBXFileReference; lastKnownFileType = sourcecode.swift; path = AppDelegate.swift; sourceTree = "<group>"; };
		7194F1642352A01700587162 /* SceneDelegate.swift */ = {isa = PBXFileReference; lastKnownFileType = sourcecode.swift; path = SceneDelegate.swift; sourceTree = "<group>"; };
		7194F1692352A01700587162 /* Base */ = {isa = PBXFileReference; lastKnownFileType = file.storyboard; name = Base; path = Base.lproj/Main.storyboard; sourceTree = "<group>"; };
		7194F16B2352A01B00587162 /* Assets.xcassets */ = {isa = PBXFileReference; lastKnownFileType = folder.assetcatalog; path = Assets.xcassets; sourceTree = "<group>"; };
		7194F16E2352A01B00587162 /* Base */ = {isa = PBXFileReference; lastKnownFileType = file.storyboard; name = Base; path = Base.lproj/LaunchScreen.storyboard; sourceTree = "<group>"; };
		7194F1702352A01B00587162 /* Info.plist */ = {isa = PBXFileReference; lastKnownFileType = text.plist.xml; path = Info.plist; sourceTree = "<group>"; };
		7194F1752352A01C00587162 /* flixTests.xctest */ = {isa = PBXFileReference; explicitFileType = wrapper.cfbundle; includeInIndex = 0; path = flixTests.xctest; sourceTree = BUILT_PRODUCTS_DIR; };
		7194F1792352A01C00587162 /* flixTests.swift */ = {isa = PBXFileReference; lastKnownFileType = sourcecode.swift; path = flixTests.swift; sourceTree = "<group>"; };
		7194F17B2352A01C00587162 /* Info.plist */ = {isa = PBXFileReference; lastKnownFileType = text.plist.xml; path = Info.plist; sourceTree = "<group>"; };
		7194F1802352A01C00587162 /* flixUITests.xctest */ = {isa = PBXFileReference; explicitFileType = wrapper.cfbundle; includeInIndex = 0; path = flixUITests.xctest; sourceTree = BUILT_PRODUCTS_DIR; };
		7194F1842352A01C00587162 /* flixUITests.swift */ = {isa = PBXFileReference; lastKnownFileType = sourcecode.swift; path = flixUITests.swift; sourceTree = "<group>"; };
		7194F1862352A01C00587162 /* Info.plist */ = {isa = PBXFileReference; lastKnownFileType = text.plist.xml; path = Info.plist; sourceTree = "<group>"; };
		7194F1922357DE7D00587162 /* MoviesViewController.swift */ = {isa = PBXFileReference; lastKnownFileType = sourcecode.swift; path = MoviesViewController.swift; sourceTree = "<group>"; };
		AE78B05415120E9F8D66EC44 /* Pods_flix.framework */ = {isa = PBXFileReference; explicitFileType = wrapper.framework; includeInIndex = 0; path = Pods_flix.framework; sourceTree = BUILT_PRODUCTS_DIR; };
		C2B4D2E72CBB07BF48A343C6 /* Pods-flixTests.release.xcconfig */ = {isa = PBXFileReference; includeInIndex = 1; lastKnownFileType = text.xcconfig; name = "Pods-flixTests.release.xcconfig"; path = "Pods/Target Support Files/Pods-flixTests/Pods-flixTests.release.xcconfig"; sourceTree = "<group>"; };
		E987DA7C7F58D76D204DE6A1 /* Pods_flixTests.framework */ = {isa = PBXFileReference; explicitFileType = wrapper.framework; includeInIndex = 0; path = Pods_flixTests.framework; sourceTree = BUILT_PRODUCTS_DIR; };
/* End PBXFileReference section */

/* Begin PBXFrameworksBuildPhase section */
		7194F15C2352A01700587162 /* Frameworks */ = {
			isa = PBXFrameworksBuildPhase;
			buildActionMask = 2147483647;
			files = (
				0C5CCA83FC39A6706A6B50C0 /* Pods_flix.framework in Frameworks */,
			);
			runOnlyForDeploymentPostprocessing = 0;
		};
		7194F1722352A01C00587162 /* Frameworks */ = {
			isa = PBXFrameworksBuildPhase;
			buildActionMask = 2147483647;
			files = (
				9FC354032739848FC000ED14 /* Pods_flixTests.framework in Frameworks */,
			);
			runOnlyForDeploymentPostprocessing = 0;
		};
		7194F17D2352A01C00587162 /* Frameworks */ = {
			isa = PBXFrameworksBuildPhase;
			buildActionMask = 2147483647;
			files = (
				0ED4D7D40B3389CB488EFB73 /* Pods_flixUITests.framework in Frameworks */,
			);
			runOnlyForDeploymentPostprocessing = 0;
		};
/* End PBXFrameworksBuildPhase section */

/* Begin PBXGroup section */
		422CB75A387E24D76584E07B /* Pods */ = {
			isa = PBXGroup;
			children = (
				6FFF1E97121150268426F277 /* Pods-flix.debug.xcconfig */,
				2928A1AC03E1EE475EDA69EB /* Pods-flix.release.xcconfig */,
				047EE9E238EE29D9F51A0D96 /* Pods-flixTests.debug.xcconfig */,
				C2B4D2E72CBB07BF48A343C6 /* Pods-flixTests.release.xcconfig */,
				08FB7E72F7E0C501926CDAC3 /* Pods-flixUITests.debug.xcconfig */,
				23CDEBA5B3BA82465EC5877A /* Pods-flixUITests.release.xcconfig */,
			);
			name = Pods;
			sourceTree = "<group>";
		};
		7194F1562352A01700587162 = {
			isa = PBXGroup;
			children = (
				7194F1612352A01700587162 /* flix */,
				7194F1782352A01C00587162 /* flixTests */,
				7194F1832352A01C00587162 /* flixUITests */,
				7194F1602352A01700587162 /* Products */,
				422CB75A387E24D76584E07B /* Pods */,
				F6AEA82C3427E3B655E927A0 /* Frameworks */,
			);
			sourceTree = "<group>";
		};
		7194F1602352A01700587162 /* Products */ = {
			isa = PBXGroup;
			children = (
				7194F15F2352A01700587162 /* flix.app */,
				7194F1752352A01C00587162 /* flixTests.xctest */,
				7194F1802352A01C00587162 /* flixUITests.xctest */,
			);
			name = Products;
			sourceTree = "<group>";
		};
		7194F1612352A01700587162 /* flix */ = {
			isa = PBXGroup;
			children = (
				7194F1622352A01700587162 /* AppDelegate.swift */,
				7194F1642352A01700587162 /* SceneDelegate.swift */,
				7194F1682352A01700587162 /* Main.storyboard */,
				710C5AEB2366645B0020B605 /* MovieGridCell.swift */,
				7110D9F5235959CB004ABA27 /* MovieCell.swift */,
				7194F16B2352A01B00587162 /* Assets.xcassets */,
				7194F16D2352A01B00587162 /* LaunchScreen.storyboard */,
				7194F1702352A01B00587162 /* Info.plist */,
				7194F1922357DE7D00587162 /* MoviesViewController.swift */,
				714D988E236147F700C283DD /* MovieDetailsViewController.swift */,
				710C5AE92366584D0020B605 /* MovieGridViewController.swift */,
			);
			path = flix;
			sourceTree = "<group>";
		};
		7194F1782352A01C00587162 /* flixTests */ = {
			isa = PBXGroup;
			children = (
				7194F1792352A01C00587162 /* flixTests.swift */,
				7194F17B2352A01C00587162 /* Info.plist */,
			);
			path = flixTests;
			sourceTree = "<group>";
		};
		7194F1832352A01C00587162 /* flixUITests */ = {
			isa = PBXGroup;
			children = (
				7194F1842352A01C00587162 /* flixUITests.swift */,
				7194F1862352A01C00587162 /* Info.plist */,
			);
			path = flixUITests;
			sourceTree = "<group>";
		};
		F6AEA82C3427E3B655E927A0 /* Frameworks */ = {
			isa = PBXGroup;
			children = (
				AE78B05415120E9F8D66EC44 /* Pods_flix.framework */,
				E987DA7C7F58D76D204DE6A1 /* Pods_flixTests.framework */,
				6A87C4BB4212F31D6A9A02F9 /* Pods_flixUITests.framework */,
			);
			name = Frameworks;
			sourceTree = "<group>";
		};
/* End PBXGroup section */

/* Begin PBXNativeTarget section */
		7194F15E2352A01700587162 /* flix */ = {
			isa = PBXNativeTarget;
			buildConfigurationList = 7194F1892352A01C00587162 /* Build configuration list for PBXNativeTarget "flix" */;
			buildPhases = (
				874F417EC34A0F9BBE7E2436 /* [CP] Check Pods Manifest.lock */,
				7194F15B2352A01700587162 /* Sources */,
				7194F15C2352A01700587162 /* Frameworks */,
				7194F15D2352A01700587162 /* Resources */,
				554EBCADFC9EDE7CAFB7947D /* [CP] Embed Pods Frameworks */,
			);
			buildRules = (
			);
			dependencies = (
			);
			name = flix;
			productName = flix;
			productReference = 7194F15F2352A01700587162 /* flix.app */;
			productType = "com.apple.product-type.application";
		};
		7194F1742352A01C00587162 /* flixTests */ = {
			isa = PBXNativeTarget;
			buildConfigurationList = 7194F18C2352A01C00587162 /* Build configuration list for PBXNativeTarget "flixTests" */;
			buildPhases = (
				4767856B1F9494E001443918 /* [CP] Check Pods Manifest.lock */,
				7194F1712352A01C00587162 /* Sources */,
				7194F1722352A01C00587162 /* Frameworks */,
				7194F1732352A01C00587162 /* Resources */,
			);
			buildRules = (
			);
			dependencies = (
				7194F1772352A01C00587162 /* PBXTargetDependency */,
			);
			name = flixTests;
			productName = flixTests;
			productReference = 7194F1752352A01C00587162 /* flixTests.xctest */;
			productType = "com.apple.product-type.bundle.unit-test";
		};
		7194F17F2352A01C00587162 /* flixUITests */ = {
			isa = PBXNativeTarget;
			buildConfigurationList = 7194F18F2352A01C00587162 /* Build configuration list for PBXNativeTarget "flixUITests" */;
			buildPhases = (
				529ED5AC761115FB4D5B5E4E /* [CP] Check Pods Manifest.lock */,
				7194F17C2352A01C00587162 /* Sources */,
				7194F17D2352A01C00587162 /* Frameworks */,
				7194F17E2352A01C00587162 /* Resources */,
			);
			buildRules = (
			);
			dependencies = (
				7194F1822352A01C00587162 /* PBXTargetDependency */,
			);
			name = flixUITests;
			productName = flixUITests;
			productReference = 7194F1802352A01C00587162 /* flixUITests.xctest */;
			productType = "com.apple.product-type.bundle.ui-testing";
		};
/* End PBXNativeTarget section */

/* Begin PBXProject section */
		7194F1572352A01700587162 /* Project object */ = {
			isa = PBXProject;
			attributes = {
				LastSwiftUpdateCheck = 1110;
				LastUpgradeCheck = 1110;
				ORGANIZATIONNAME = "Dru Grossberg";
				TargetAttributes = {
					7194F15E2352A01700587162 = {
						CreatedOnToolsVersion = 11.1;
					};
					7194F1742352A01C00587162 = {
						CreatedOnToolsVersion = 11.1;
						TestTargetID = 7194F15E2352A01700587162;
					};
					7194F17F2352A01C00587162 = {
						CreatedOnToolsVersion = 11.1;
						TestTargetID = 7194F15E2352A01700587162;
					};
				};
			};
			buildConfigurationList = 7194F15A2352A01700587162 /* Build configuration list for PBXProject "flix" */;
			compatibilityVersion = "Xcode 9.3";
			developmentRegion = en;
			hasScannedForEncodings = 0;
			knownRegions = (
				en,
				Base,
			);
			mainGroup = 7194F1562352A01700587162;
			productRefGroup = 7194F1602352A01700587162 /* Products */;
			projectDirPath = "";
			projectRoot = "";
			targets = (
				7194F15E2352A01700587162 /* flix */,
				7194F1742352A01C00587162 /* flixTests */,
				7194F17F2352A01C00587162 /* flixUITests */,
			);
		};
/* End PBXProject section */

/* Begin PBXResourcesBuildPhase section */
		7194F15D2352A01700587162 /* Resources */ = {
			isa = PBXResourcesBuildPhase;
			buildActionMask = 2147483647;
			files = (
				7194F16F2352A01B00587162 /* LaunchScreen.storyboard in Resources */,
				7194F16C2352A01B00587162 /* Assets.xcassets in Resources */,
				7194F16A2352A01700587162 /* Main.storyboard in Resources */,
			);
			runOnlyForDeploymentPostprocessing = 0;
		};
		7194F1732352A01C00587162 /* Resources */ = {
			isa = PBXResourcesBuildPhase;
			buildActionMask = 2147483647;
			files = (
			);
			runOnlyForDeploymentPostprocessing = 0;
		};
		7194F17E2352A01C00587162 /* Resources */ = {
			isa = PBXResourcesBuildPhase;
			buildActionMask = 2147483647;
			files = (
			);
			runOnlyForDeploymentPostprocessing = 0;
		};
/* End PBXResourcesBuildPhase section */

/* Begin PBXShellScriptBuildPhase section */
		4767856B1F9494E001443918 /* [CP] Check Pods Manifest.lock */ = {
			isa = PBXShellScriptBuildPhase;
			buildActionMask = 2147483647;
			files = (
			);
			inputPaths = (
				"${PODS_PODFILE_DIR_PATH}/Podfile.lock",
				"${PODS_ROOT}/Manifest.lock",
			);
			name = "[CP] Check Pods Manifest.lock";
			outputPaths = (
				"$(DERIVED_FILE_DIR)/Pods-flixTests-checkManifestLockResult.txt",
			);
			runOnlyForDeploymentPostprocessing = 0;
			shellPath = /bin/sh;
			shellScript = "diff \"${PODS_PODFILE_DIR_PATH}/Podfile.lock\" \"${PODS_ROOT}/Manifest.lock\" > /dev/null\nif [ $? != 0 ] ; then\n    # print error to STDERR\n    echo \"error: The sandbox is not in sync with the Podfile.lock. Run 'pod install' or update your CocoaPods installation.\" >&2\n    exit 1\nfi\n# This output is used by Xcode 'outputs' to avoid re-running this script phase.\necho \"SUCCESS\" > \"${SCRIPT_OUTPUT_FILE_0}\"\n";
			showEnvVarsInLog = 0;
		};
		529ED5AC761115FB4D5B5E4E /* [CP] Check Pods Manifest.lock */ = {
			isa = PBXShellScriptBuildPhase;
			buildActionMask = 2147483647;
			files = (
			);
			inputPaths = (
				"${PODS_PODFILE_DIR_PATH}/Podfile.lock",
				"${PODS_ROOT}/Manifest.lock",
			);
			name = "[CP] Check Pods Manifest.lock";
			outputPaths = (
				"$(DERIVED_FILE_DIR)/Pods-flixUITests-checkManifestLockResult.txt",
			);
			runOnlyForDeploymentPostprocessing = 0;
			shellPath = /bin/sh;
			shellScript = "diff \"${PODS_PODFILE_DIR_PATH}/Podfile.lock\" \"${PODS_ROOT}/Manifest.lock\" > /dev/null\nif [ $? != 0 ] ; then\n    # print error to STDERR\n    echo \"error: The sandbox is not in sync with the Podfile.lock. Run 'pod install' or update your CocoaPods installation.\" >&2\n    exit 1\nfi\n# This output is used by Xcode 'outputs' to avoid re-running this script phase.\necho \"SUCCESS\" > \"${SCRIPT_OUTPUT_FILE_0}\"\n";
			showEnvVarsInLog = 0;
		};
		554EBCADFC9EDE7CAFB7947D /* [CP] Embed Pods Frameworks */ = {
			isa = PBXShellScriptBuildPhase;
			buildActionMask = 2147483647;
			files = (
			);
			inputFileListPaths = (
				"${PODS_ROOT}/Target Support Files/Pods-flix/Pods-flix-frameworks-${CONFIGURATION}-input-files.xcfilelist",
			);
			name = "[CP] Embed Pods Frameworks";
			outputFileListPaths = (
				"${PODS_ROOT}/Target Support Files/Pods-flix/Pods-flix-frameworks-${CONFIGURATION}-output-files.xcfilelist",
			);
			runOnlyForDeploymentPostprocessing = 0;
			shellPath = /bin/sh;
			shellScript = "\"${PODS_ROOT}/Target Support Files/Pods-flix/Pods-flix-frameworks.sh\"\n";
			showEnvVarsInLog = 0;
		};
		874F417EC34A0F9BBE7E2436 /* [CP] Check Pods Manifest.lock */ = {
			isa = PBXShellScriptBuildPhase;
			buildActionMask = 2147483647;
			files = (
			);
			inputPaths = (
				"${PODS_PODFILE_DIR_PATH}/Podfile.lock",
				"${PODS_ROOT}/Manifest.lock",
			);
			name = "[CP] Check Pods Manifest.lock";
			outputPaths = (
				"$(DERIVED_FILE_DIR)/Pods-flix-checkManifestLockResult.txt",
			);
			runOnlyForDeploymentPostprocessing = 0;
			shellPath = /bin/sh;
			shellScript = "diff \"${PODS_PODFILE_DIR_PATH}/Podfile.lock\" \"${PODS_ROOT}/Manifest.lock\" > /dev/null\nif [ $? != 0 ] ; then\n    # print error to STDERR\n    echo \"error: The sandbox is not in sync with the Podfile.lock. Run 'pod install' or update your CocoaPods installation.\" >&2\n    exit 1\nfi\n# This output is used by Xcode 'outputs' to avoid re-running this script phase.\necho \"SUCCESS\" > \"${SCRIPT_OUTPUT_FILE_0}\"\n";
			showEnvVarsInLog = 0;
		};
/* End PBXShellScriptBuildPhase section */

/* Begin PBXSourcesBuildPhase section */
		7194F15B2352A01700587162 /* Sources */ = {
			isa = PBXSourcesBuildPhase;
			buildActionMask = 2147483647;
			files = (
				714D988F236147F700C283DD /* MovieDetailsViewController.swift in Sources */,
				7194F1632352A01700587162 /* AppDelegate.swift in Sources */,
				7194F1652352A01700587162 /* SceneDelegate.swift in Sources */,
				7110D9F6235959CB004ABA27 /* MovieCell.swift in Sources */,
				7194F1932357DE7D00587162 /* MoviesViewController.swift in Sources */,
				710C5AEA2366584D0020B605 /* MovieGridViewController.swift in Sources */,
				710C5AEC2366645B0020B605 /* MovieGridCell.swift in Sources */,
			);
			runOnlyForDeploymentPostprocessing = 0;
		};
		7194F1712352A01C00587162 /* Sources */ = {
			isa = PBXSourcesBuildPhase;
			buildActionMask = 2147483647;
			files = (
				7194F17A2352A01C00587162 /* flixTests.swift in Sources */,
			);
			runOnlyForDeploymentPostprocessing = 0;
		};
		7194F17C2352A01C00587162 /* Sources */ = {
			isa = PBXSourcesBuildPhase;
			buildActionMask = 2147483647;
			files = (
				7194F1852352A01C00587162 /* flixUITests.swift in Sources */,
			);
			runOnlyForDeploymentPostprocessing = 0;
		};
/* End PBXSourcesBuildPhase section */

/* Begin PBXTargetDependency section */
		7194F1772352A01C00587162 /* PBXTargetDependency */ = {
			isa = PBXTargetDependency;
			target = 7194F15E2352A01700587162 /* flix */;
			targetProxy = 7194F1762352A01C00587162 /* PBXContainerItemProxy */;
		};
		7194F1822352A01C00587162 /* PBXTargetDependency */ = {
			isa = PBXTargetDependency;
			target = 7194F15E2352A01700587162 /* flix */;
			targetProxy = 7194F1812352A01C00587162 /* PBXContainerItemProxy */;
		};
/* End PBXTargetDependency section */

/* Begin PBXVariantGroup section */
		7194F1682352A01700587162 /* Main.storyboard */ = {
			isa = PBXVariantGroup;
			children = (
				7194F1692352A01700587162 /* Base */,
			);
			name = Main.storyboard;
			sourceTree = "<group>";
		};
		7194F16D2352A01B00587162 /* LaunchScreen.storyboard */ = {
			isa = PBXVariantGroup;
			children = (
				7194F16E2352A01B00587162 /* Base */,
			);
			name = LaunchScreen.storyboard;
			sourceTree = "<group>";
		};
/* End PBXVariantGroup section */

/* Begin XCBuildConfiguration section */
		7194F1872352A01C00587162 /* Debug */ = {
			isa = XCBuildConfiguration;
			buildSettings = {
				ALWAYS_SEARCH_USER_PATHS = NO;
				CLANG_ANALYZER_NONNULL = YES;
				CLANG_ANALYZER_NUMBER_OBJECT_CONVERSION = YES_AGGRESSIVE;
				CLANG_CXX_LANGUAGE_STANDARD = "gnu++14";
				CLANG_CXX_LIBRARY = "libc++";
				CLANG_ENABLE_MODULES = YES;
				CLANG_ENABLE_OBJC_ARC = YES;
				CLANG_ENABLE_OBJC_WEAK = YES;
				CLANG_WARN_BLOCK_CAPTURE_AUTORELEASING = YES;
				CLANG_WARN_BOOL_CONVERSION = YES;
				CLANG_WARN_COMMA = YES;
				CLANG_WARN_CONSTANT_CONVERSION = YES;
				CLANG_WARN_DEPRECATED_OBJC_IMPLEMENTATIONS = YES;
				CLANG_WARN_DIRECT_OBJC_ISA_USAGE = YES_ERROR;
				CLANG_WARN_DOCUMENTATION_COMMENTS = YES;
				CLANG_WARN_EMPTY_BODY = YES;
				CLANG_WARN_ENUM_CONVERSION = YES;
				CLANG_WARN_INFINITE_RECURSION = YES;
				CLANG_WARN_INT_CONVERSION = YES;
				CLANG_WARN_NON_LITERAL_NULL_CONVERSION = YES;
				CLANG_WARN_OBJC_IMPLICIT_RETAIN_SELF = YES;
				CLANG_WARN_OBJC_LITERAL_CONVERSION = YES;
				CLANG_WARN_OBJC_ROOT_CLASS = YES_ERROR;
				CLANG_WARN_RANGE_LOOP_ANALYSIS = YES;
				CLANG_WARN_STRICT_PROTOTYPES = YES;
				CLANG_WARN_SUSPICIOUS_MOVE = YES;
				CLANG_WARN_UNGUARDED_AVAILABILITY = YES_AGGRESSIVE;
				CLANG_WARN_UNREACHABLE_CODE = YES;
				CLANG_WARN__DUPLICATE_METHOD_MATCH = YES;
				COPY_PHASE_STRIP = NO;
				DEBUG_INFORMATION_FORMAT = dwarf;
				ENABLE_STRICT_OBJC_MSGSEND = YES;
				ENABLE_TESTABILITY = YES;
				GCC_C_LANGUAGE_STANDARD = gnu11;
				GCC_DYNAMIC_NO_PIC = NO;
				GCC_NO_COMMON_BLOCKS = YES;
				GCC_OPTIMIZATION_LEVEL = 0;
				GCC_PREPROCESSOR_DEFINITIONS = (
					"DEBUG=1",
					"$(inherited)",
				);
				GCC_WARN_64_TO_32_BIT_CONVERSION = YES;
				GCC_WARN_ABOUT_RETURN_TYPE = YES_ERROR;
				GCC_WARN_UNDECLARED_SELECTOR = YES;
				GCC_WARN_UNINITIALIZED_AUTOS = YES_AGGRESSIVE;
				GCC_WARN_UNUSED_FUNCTION = YES;
				GCC_WARN_UNUSED_VARIABLE = YES;
				IPHONEOS_DEPLOYMENT_TARGET = 13.1;
				MTL_ENABLE_DEBUG_INFO = INCLUDE_SOURCE;
				MTL_FAST_MATH = YES;
				ONLY_ACTIVE_ARCH = YES;
				SDKROOT = iphoneos;
				SWIFT_ACTIVE_COMPILATION_CONDITIONS = DEBUG;
				SWIFT_OPTIMIZATION_LEVEL = "-Onone";
			};
			name = Debug;
		};
		7194F1882352A01C00587162 /* Release */ = {
			isa = XCBuildConfiguration;
			buildSettings = {
				ALWAYS_SEARCH_USER_PATHS = NO;
				CLANG_ANALYZER_NONNULL = YES;
				CLANG_ANALYZER_NUMBER_OBJECT_CONVERSION = YES_AGGRESSIVE;
				CLANG_CXX_LANGUAGE_STANDARD = "gnu++14";
				CLANG_CXX_LIBRARY = "libc++";
				CLANG_ENABLE_MODULES = YES;
				CLANG_ENABLE_OBJC_ARC = YES;
				CLANG_ENABLE_OBJC_WEAK = YES;
				CLANG_WARN_BLOCK_CAPTURE_AUTORELEASING = YES;
				CLANG_WARN_BOOL_CONVERSION = YES;
				CLANG_WARN_COMMA = YES;
				CLANG_WARN_CONSTANT_CONVERSION = YES;
				CLANG_WARN_DEPRECATED_OBJC_IMPLEMENTATIONS = YES;
				CLANG_WARN_DIRECT_OBJC_ISA_USAGE = YES_ERROR;
				CLANG_WARN_DOCUMENTATION_COMMENTS = YES;
				CLANG_WARN_EMPTY_BODY = YES;
				CLANG_WARN_ENUM_CONVERSION = YES;
				CLANG_WARN_INFINITE_RECURSION = YES;
				CLANG_WARN_INT_CONVERSION = YES;
				CLANG_WARN_NON_LITERAL_NULL_CONVERSION = YES;
				CLANG_WARN_OBJC_IMPLICIT_RETAIN_SELF = YES;
				CLANG_WARN_OBJC_LITERAL_CONVERSION = YES;
				CLANG_WARN_OBJC_ROOT_CLASS = YES_ERROR;
				CLANG_WARN_RANGE_LOOP_ANALYSIS = YES;
				CLANG_WARN_STRICT_PROTOTYPES = YES;
				CLANG_WARN_SUSPICIOUS_MOVE = YES;
				CLANG_WARN_UNGUARDED_AVAILABILITY = YES_AGGRESSIVE;
				CLANG_WARN_UNREACHABLE_CODE = YES;
				CLANG_WARN__DUPLICATE_METHOD_MATCH = YES;
				COPY_PHASE_STRIP = NO;
				DEBUG_INFORMATION_FORMAT = "dwarf-with-dsym";
				ENABLE_NS_ASSERTIONS = NO;
				ENABLE_STRICT_OBJC_MSGSEND = YES;
				GCC_C_LANGUAGE_STANDARD = gnu11;
				GCC_NO_COMMON_BLOCKS = YES;
				GCC_WARN_64_TO_32_BIT_CONVERSION = YES;
				GCC_WARN_ABOUT_RETURN_TYPE = YES_ERROR;
				GCC_WARN_UNDECLARED_SELECTOR = YES;
				GCC_WARN_UNINITIALIZED_AUTOS = YES_AGGRESSIVE;
				GCC_WARN_UNUSED_FUNCTION = YES;
				GCC_WARN_UNUSED_VARIABLE = YES;
				IPHONEOS_DEPLOYMENT_TARGET = 13.1;
				MTL_ENABLE_DEBUG_INFO = NO;
				MTL_FAST_MATH = YES;
				SDKROOT = iphoneos;
				SWIFT_COMPILATION_MODE = wholemodule;
				SWIFT_OPTIMIZATION_LEVEL = "-O";
				VALIDATE_PRODUCT = YES;
			};
			name = Release;
		};
		7194F18A2352A01C00587162 /* Debug */ = {
			isa = XCBuildConfiguration;
			baseConfigurationReference = 6FFF1E97121150268426F277 /* Pods-flix.debug.xcconfig */;
			buildSettings = {
				ASSETCATALOG_COMPILER_APPICON_NAME = AppIcon;
				CODE_SIGN_STYLE = Automatic;
				DEVELOPMENT_TEAM = ZCAGHFS4C5;
				INFOPLIST_FILE = flix/Info.plist;
				LD_RUNPATH_SEARCH_PATHS = (
					"$(inherited)",
					"@executable_path/Frameworks",
				);
				PRODUCT_BUNDLE_IDENTIFIER = dru.flix;
				PRODUCT_NAME = "$(TARGET_NAME)";
				SWIFT_VERSION = 5.0;
				TARGETED_DEVICE_FAMILY = "1,2";
			};
			name = Debug;
		};
		7194F18B2352A01C00587162 /* Release */ = {
			isa = XCBuildConfiguration;
			baseConfigurationReference = 2928A1AC03E1EE475EDA69EB /* Pods-flix.release.xcconfig */;
			buildSettings = {
				ASSETCATALOG_COMPILER_APPICON_NAME = AppIcon;
				CODE_SIGN_STYLE = Automatic;
				DEVELOPMENT_TEAM = ZCAGHFS4C5;
				INFOPLIST_FILE = flix/Info.plist;
				LD_RUNPATH_SEARCH_PATHS = (
					"$(inherited)",
					"@executable_path/Frameworks",
				);
				PRODUCT_BUNDLE_IDENTIFIER = dru.flix;
				PRODUCT_NAME = "$(TARGET_NAME)";
				SWIFT_VERSION = 5.0;
				TARGETED_DEVICE_FAMILY = "1,2";
			};
			name = Release;
		};
		7194F18D2352A01C00587162 /* Debug */ = {
			isa = XCBuildConfiguration;
			baseConfigurationReference = 047EE9E238EE29D9F51A0D96 /* Pods-flixTests.debug.xcconfig */;
			buildSettings = {
				ALWAYS_EMBED_SWIFT_STANDARD_LIBRARIES = YES;
				BUNDLE_LOADER = "$(TEST_HOST)";
				CODE_SIGN_STYLE = Automatic;
				DEVELOPMENT_TEAM = ZCAGHFS4C5;
				INFOPLIST_FILE = flixTests/Info.plist;
				IPHONEOS_DEPLOYMENT_TARGET = 13.1;
				LD_RUNPATH_SEARCH_PATHS = (
					"$(inherited)",
					"@executable_path/Frameworks",
					"@loader_path/Frameworks",
				);
				PRODUCT_BUNDLE_IDENTIFIER = dru.flixTests;
				PRODUCT_NAME = "$(TARGET_NAME)";
				SWIFT_VERSION = 5.0;
				TARGETED_DEVICE_FAMILY = "1,2";
				TEST_HOST = "$(BUILT_PRODUCTS_DIR)/flix.app/flix";
			};
			name = Debug;
		};
		7194F18E2352A01C00587162 /* Release */ = {
			isa = XCBuildConfiguration;
			baseConfigurationReference = C2B4D2E72CBB07BF48A343C6 /* Pods-flixTests.release.xcconfig */;
			buildSettings = {
				ALWAYS_EMBED_SWIFT_STANDARD_LIBRARIES = YES;
				BUNDLE_LOADER = "$(TEST_HOST)";
				CODE_SIGN_STYLE = Automatic;
				DEVELOPMENT_TEAM = ZCAGHFS4C5;
				INFOPLIST_FILE = flixTests/Info.plist;
				IPHONEOS_DEPLOYMENT_TARGET = 13.1;
				LD_RUNPATH_SEARCH_PATHS = (
					"$(inherited)",
					"@executable_path/Frameworks",
					"@loader_path/Frameworks",
				);
				PRODUCT_BUNDLE_IDENTIFIER = dru.flixTests;
				PRODUCT_NAME = "$(TARGET_NAME)";
				SWIFT_VERSION = 5.0;
				TARGETED_DEVICE_FAMILY = "1,2";
				TEST_HOST = "$(BUILT_PRODUCTS_DIR)/flix.app/flix";
			};
			name = Release;
		};
		7194F1902352A01C00587162 /* Debug */ = {
			isa = XCBuildConfiguration;
			baseConfigurationReference = 08FB7E72F7E0C501926CDAC3 /* Pods-flixUITests.debug.xcconfig */;
			buildSettings = {
				ALWAYS_EMBED_SWIFT_STANDARD_LIBRARIES = YES;
				CODE_SIGN_STYLE = Automatic;
				DEVELOPMENT_TEAM = ZCAGHFS4C5;
				INFOPLIST_FILE = flixUITests/Info.plist;
				LD_RUNPATH_SEARCH_PATHS = (
					"$(inherited)",
					"@executable_path/Frameworks",
					"@loader_path/Frameworks",
				);
				PRODUCT_BUNDLE_IDENTIFIER = dru.flixUITests;
				PRODUCT_NAME = "$(TARGET_NAME)";
				SWIFT_VERSION = 5.0;
				TARGETED_DEVICE_FAMILY = "1,2";
				TEST_TARGET_NAME = flix;
			};
			name = Debug;
		};
		7194F1912352A01C00587162 /* Release */ = {
			isa = XCBuildConfiguration;
			baseConfigurationReference = 23CDEBA5B3BA82465EC5877A /* Pods-flixUITests.release.xcconfig */;
			buildSettings = {
				ALWAYS_EMBED_SWIFT_STANDARD_LIBRARIES = YES;
				CODE_SIGN_STYLE = Automatic;
				DEVELOPMENT_TEAM = ZCAGHFS4C5;
				INFOPLIST_FILE = flixUITests/Info.plist;
				LD_RUNPATH_SEARCH_PATHS = (
					"$(inherited)",
					"@executable_path/Frameworks",
					"@loader_path/Frameworks",
				);
				PRODUCT_BUNDLE_IDENTIFIER = dru.flixUITests;
				PRODUCT_NAME = "$(TARGET_NAME)";
				SWIFT_VERSION = 5.0;
				TARGETED_DEVICE_FAMILY = "1,2";
				TEST_TARGET_NAME = flix;
			};
			name = Release;
		};
/* End XCBuildConfiguration section */

/* Begin XCConfigurationList section */
		7194F15A2352A01700587162 /* Build configuration list for PBXProject "flix" */ = {
			isa = XCConfigurationList;
			buildConfigurations = (
				7194F1872352A01C00587162 /* Debug */,
				7194F1882352A01C00587162 /* Release */,
			);
			defaultConfigurationIsVisible = 0;
			defaultConfigurationName = Release;
		};
		7194F1892352A01C00587162 /* Build configuration list for PBXNativeTarget "flix" */ = {
			isa = XCConfigurationList;
			buildConfigurations = (
				7194F18A2352A01C00587162 /* Debug */,
				7194F18B2352A01C00587162 /* Release */,
			);
			defaultConfigurationIsVisible = 0;
			defaultConfigurationName = Release;
		};
		7194F18C2352A01C00587162 /* Build configuration list for PBXNativeTarget "flixTests" */ = {
			isa = XCConfigurationList;
			buildConfigurations = (
				7194F18D2352A01C00587162 /* Debug */,
				7194F18E2352A01C00587162 /* Release */,
			);
			defaultConfigurationIsVisible = 0;
			defaultConfigurationName = Release;
		};
		7194F18F2352A01C00587162 /* Build configuration list for PBXNativeTarget "flixUITests" */ = {
			isa = XCConfigurationList;
			buildConfigurations = (
				7194F1902352A01C00587162 /* Debug */,
				7194F1912352A01C00587162 /* Release */,
			);
			defaultConfigurationIsVisible = 0;
			defaultConfigurationName = Release;
		};
/* End XCConfigurationList section */
	};
	rootObject = 7194F1572352A01700587162 /* Project object */;
}
